
Microsoft Visual Studio Solution File, Format Version 12.00
# Visual Studio 15
VisualStudioVersion = 15.0.27130.2024
MinimumVisualStudioVersion = 10.0.40219.1
Project("{9A19103F-16F7-4668-BE54-9A1E7A4F7556}") = "SofeDC", "SofeDC\SofeDC.csproj", "{191E7254-C240-40E2-BAE2-BF7A56303F01}"
EndProject
Global
	GlobalSection(SolutionConfigurationPlatforms) = preSolution
		Debug|Any CPU = Debug|Any CPU
		Release|Any CPU = Release|Any CPU
	EndGlobalSection
	GlobalSection(ProjectConfigurationPlatforms) = postSolution
		{191E7254-C240-40E2-BAE2-BF7A56303F01}.Debug|Any CPU.ActiveCfg = Debug|Any CPU
		{191E7254-C240-40E2-BAE2-BF7A56303F01}.Debug|Any CPU.Build.0 = Debug|Any CPU
		{191E7254-C240-40E2-BAE2-BF7A56303F01}.Release|Any CPU.ActiveCfg = Release|Any CPU
		{191E7254-C240-40E2-BAE2-BF7A56303F01}.Release|Any CPU.Build.0 = Release|Any CPU
	EndGlobalSection
	GlobalSection(SolutionProperties) = preSolution
		HideSolutionNode = FALSE
	EndGlobalSection
	GlobalSection(ExtensibilityGlobals) = postSolution
		SolutionGuid = {E689AB5B-4E3F-4AD1-A077-044B5312BC77}
	EndGlobalSection
EndGlobal
